
Microsoft Visual Studio Solution File, Format Version 12.00
# Visual Studio Version 17
VisualStudioVersion = 17.0.31912.275
MinimumVisualStudioVersion = 10.0.40219.1
Project("{FAE04EC0-301F-11D3-BF4B-00C04F79EFBC}") = "WeatherStations", "WeatherStations\WeatherStations.csproj", "{70B9002E-50FB-421D-8971-8DA37A7E5D8E}"
EndProject
Global
	GlobalSection(SolutionConfigurationPlatforms) = preSolution
		Debug|Any CPU = Debug|Any CPU
		Release|Any CPU = Release|Any CPU
	EndGlobalSection
	GlobalSection(ProjectConfigurationPlatforms) = postSolution
		{70B9002E-50FB-421D-8971-8DA37A7E5D8E}.Debug|Any CPU.ActiveCfg = Debug|Any CPU
		{70B9002E-50FB-421D-8971-8DA37A7E5D8E}.Debug|Any CPU.Build.0 = Debug|Any CPU
		{70B9002E-50FB-421D-8971-8DA37A7E5D8E}.Release|Any CPU.ActiveCfg = Release|Any CPU
		{70B9002E-50FB-421D-8971-8DA37A7E5D8E}.Release|Any CPU.Build.0 = Release|Any CPU
	EndGlobalSection
	GlobalSection(SolutionProperties) = preSolution
		HideSolutionNode = FALSE
	EndGlobalSection
	GlobalSection(ExtensibilityGlobals) = postSolution
		SolutionGuid = {96748719-0ABA-4D2A-A220-E3BD4F1C27F0}
	EndGlobalSection
EndGlobal
